
Microsoft Visual Studio Solution File, Format Version 12.00
# Visual Studio Version 17
VisualStudioVersion = 17.3.32929.385
MinimumVisualStudioVersion = 10.0.40219.1
Project("{9A19103F-16F7-4668-BE54-9A1E7A4F7556}") = "AsistenteVirtualML.API", "AsistenteVirtualML\AsistenteVirtualML.API.csproj", "{45818140-80F3-4EAF-8E71-CDA1A536B7CB}"
EndProject
Project("{9A19103F-16F7-4668-BE54-9A1E7A4F7556}") = "AsistenteVirtualML.Servicios", "MLServices\AsistenteVirtualML.Servicios.csproj", "{4B7DD143-61BA-4927-9F3A-5F594644A17C}"
EndProject
Project("{9A19103F-16F7-4668-BE54-9A1E7A4F7556}") = "AsistenteVirualML.Datos", "AsistenteVirualData\AsistenteVirualML.Datos.csproj", "{D574FCEB-F2DB-4FEF-9515-09D1C6CC2C3D}"
EndProject
Global
	GlobalSection(SolutionConfigurationPlatforms) = preSolution
		Debug|Any CPU = Debug|Any CPU
		Release|Any CPU = Release|Any CPU
	EndGlobalSection
	GlobalSection(ProjectConfigurationPlatforms) = postSolution
		{45818140-80F3-4EAF-8E71-CDA1A536B7CB}.Debug|Any CPU.ActiveCfg = Debug|Any CPU
		{45818140-80F3-4EAF-8E71-CDA1A536B7CB}.Debug|Any CPU.Build.0 = Debug|Any CPU
		{45818140-80F3-4EAF-8E71-CDA1A536B7CB}.Release|Any CPU.ActiveCfg = Release|Any CPU
		{45818140-80F3-4EAF-8E71-CDA1A536B7CB}.Release|Any CPU.Build.0 = Release|Any CPU
		{4B7DD143-61BA-4927-9F3A-5F594644A17C}.Debug|Any CPU.ActiveCfg = Debug|Any CPU
		{4B7DD143-61BA-4927-9F3A-5F594644A17C}.Debug|Any CPU.Build.0 = Debug|Any CPU
		{4B7DD143-61BA-4927-9F3A-5F594644A17C}.Release|Any CPU.ActiveCfg = Release|Any CPU
		{4B7DD143-61BA-4927-9F3A-5F594644A17C}.Release|Any CPU.Build.0 = Release|Any CPU
		{D574FCEB-F2DB-4FEF-9515-09D1C6CC2C3D}.Debug|Any CPU.ActiveCfg = Debug|Any CPU
		{D574FCEB-F2DB-4FEF-9515-09D1C6CC2C3D}.Debug|Any CPU.Build.0 = Debug|Any CPU
		{D574FCEB-F2DB-4FEF-9515-09D1C6CC2C3D}.Release|Any CPU.ActiveCfg = Release|Any CPU
		{D574FCEB-F2DB-4FEF-9515-09D1C6CC2C3D}.Release|Any CPU.Build.0 = Release|Any CPU
	EndGlobalSection
	GlobalSection(SolutionProperties) = preSolution
		HideSolutionNode = FALSE
	EndGlobalSection
	GlobalSection(ExtensibilityGlobals) = postSolution
		SolutionGuid = {218469F1-A0DF-46DC-9AB9-FF40A532FF35}
	EndGlobalSection
EndGlobal
